// !$*UTF8*$!
{
	archiveVersion = 1;
	classes = {
	};
	objectVersion = 48;
	objects = {

/* Begin PBXBuildFile section */
		BFEE074C1F43F4D100FB7A09 /* AppDelegate.swift in Sources */ = {isa = PBXBuildFile; fileRef = BFEE074B1F43F4D100FB7A09 /* AppDelegate.swift */; };
		BFEE074E1F43F4D100FB7A09 /* ViewController.swift in Sources */ = {isa = PBXBuildFile; fileRef = BFEE074D1F43F4D100FB7A09 /* ViewController.swift */; };
		BFEE07511F43F4D100FB7A09 /* Main.storyboard in Resources */ = {isa = PBXBuildFile; fileRef = BFEE074F1F43F4D100FB7A09 /* Main.storyboard */; };
		BFEE07531F43F4D100FB7A09 /* Assets.xcassets in Resources */ = {isa = PBXBuildFile; fileRef = BFEE07521F43F4D100FB7A09 /* Assets.xcassets */; };
		BFEE07561F43F4D100FB7A09 /* LaunchScreen.storyboard in Resources */ = {isa = PBXBuildFile; fileRef = BFEE07541F43F4D100FB7A09 /* LaunchScreen.storyboard */; };
/* End PBXBuildFile section */

/* Begin PBXFileReference section */
		BFEE07481F43F4D100FB7A09 /* swiftexample.app */ = {isa = PBXFileReference; explicitFileType = wrapper.application; includeInIndex = 0; path = swiftexample.app; sourceTree = BUILT_PRODUCTS_DIR; };
		BFEE074B1F43F4D100FB7A09 /* AppDelegate.swift */ = {isa = PBXFileReference; lastKnownFileType = sourcecode.swift; path = AppDelegate.swift; sourceTree = "<group>"; };
		BFEE074D1F43F4D100FB7A09 /* ViewController.swift */ = {isa = PBXFileReference; lastKnownFileType = sourcecode.swift; path = ViewController.swift; sourceTree = "<group>"; };
		BFEE07501F43F4D100FB7A09 /* Base */ = {isa = PBXFileReference; lastKnownFileType = file.storyboard; name = Base; path = Base.lproj/Main.storyboard; sourceTree = "<group>"; };
		BFEE07521F43F4D100FB7A09 /* Assets.xcassets */ = {isa = PBXFileReference; lastKnownFileType = folder.assetcatalog; path = Assets.xcassets; sourceTree = "<group>"; };
		BFEE07551F43F4D100FB7A09 /* Base */ = {isa = PBXFileReference; lastKnownFileType = file.storyboard; name = Base; path = Base.lproj/LaunchScreen.storyboard; sourceTree = "<group>"; };
		BFEE07571F43F4D100FB7A09 /* Info.plist */ = {isa = PBXFileReference; lastKnownFileType = text.plist.xml; path = Info.plist; sourceTree = "<group>"; };
/* End PBXFileReference section */

/* Begin PBXFrameworksBuildPhase section */
		BFEE07451F43F4D100FB7A09 /* Frameworks */ = {
			isa = PBXFrameworksBuildPhase;
			buildActionMask = 2147483647;
			files = (
			);
			runOnlyForDeploymentPostprocessing = 0;
		};
/* End PBXFrameworksBuildPhase section */

/* Begin PBXGroup section */
		BFEE073F1F43F4D100FB7A09 = {
			isa = PBXGroup;
			children = (
				BFEE074A1F43F4D100FB7A09 /* swiftexample */,
				BFEE07491F43F4D100FB7A09 /* Products */,
			);
			sourceTree = "<group>";
		};
		BFEE07491F43F4D100FB7A09 /* Products */ = {
			isa = PBXGroup;
			children = (
				BFEE07481F43F4D100FB7A09 /* swiftexample.app */,
			);
			name = Products;
			sourceTree = "<group>";
		};
		BFEE074A1F43F4D100FB7A09 /* swiftexample */ = {
			isa = PBXGroup;
			children = (
				BFEE074B1F43F4D100FB7A09 /* AppDelegate.swift */,
				BFEE074D1F43F4D100FB7A09 /* ViewController.swift */,
				BFEE074F1F43F4D100FB7A09 /* Main.storyboard */,
				BFEE07521F43F4D100FB7A09 /* Assets.xcassets */,
				BFEE07541F43F4D100FB7A09 /* LaunchScreen.storyboard */,
				BFEE07571F43F4D100FB7A09 /* Info.plist */,
			);
			path = swiftexample;
			sourceTree = "<group>";
		};
/* End PBXGroup section */

/* Begin PBXNativeTarget section */
		BFEE07471F43F4D100FB7A09 /* swiftexample */ = {
			isa = PBXNativeTarget;
			buildConfigurationList = BFEE075A1F43F4D100FB7A09 /* Build configuration list for PBXNativeTarget "swiftexample" */;
			buildPhases = (
				BFEE07441F43F4D100FB7A09 /* Sources */,
				BFEE07451F43F4D100FB7A09 /* Frameworks */,
				BFEE07461F43F4D100FB7A09 /* Resources */,
			);
			buildRules = (
			);
			dependencies = (
			);
			name = swiftexample;
			productName = swiftexample;
			productReference = BFEE07481F43F4D100FB7A09 /* swiftexample.app */;
			productType = "com.apple.product-type.application";
		};
/* End PBXNativeTarget section */

/* Begin PBXProject section */
		BFEE07401F43F4D100FB7A09 /* Project object */ = {
			isa = PBXProject;
			attributes = {
				LastSwiftUpdateCheck = 0900;
				LastUpgradeCheck = 0900;
				ORGANIZATIONNAME = "Robert Whelan";
				TargetAttributes = {
					BFEE07471F43F4D100FB7A09 = {
						CreatedOnToolsVersion = 9.0;
					};
				};
			};
			buildConfigurationList = BFEE07431F43F4D100FB7A09 /* Build configuration list for PBXProject "swiftexample" */;
			compatibilityVersion = "Xcode 8.0";
			developmentRegion = en;
			hasScannedForEncodings = 0;
			knownRegions = (
				en,
				Base,
			);
			mainGroup = BFEE073F1F43F4D100FB7A09;
			productRefGroup = BFEE07491F43F4D100FB7A09 /* Products */;
			projectDirPath = "";
			projectRoot = "";
			targets = (
				BFEE07471F43F4D100FB7A09 /* swiftexample */,
			);
		};
/* End PBXProject section */

/* Begin PBXResourcesBuildPhase section */
		BFEE07461F43F4D100FB7A09 /* Resources */ = {
			isa = PBXResourcesBuildPhase;
			buildActionMask = 2147483647;
			files = (
				BFEE07561F43F4D100FB7A09 /* LaunchScreen.storyboard in Resources */,
				BFEE07531F43F4D100FB7A09 /* Assets.xcassets in Resources */,
				BFEE07511F43F4D100FB7A09 /* Main.storyboard in Resources */,
			);
			runOnlyForDeploymentPostprocessing = 0;
		};
/* End PBXResourcesBuildPhase section */

/* Begin PBXSourcesBuildPhase section */
		BFEE07441F43F4D100FB7A09 /* Sources */ = {
			isa = PBXSourcesBuildPhase;
			buildActionMask = 2147483647;
			files = (
				BFEE074E1F43F4D100FB7A09 /* ViewController.swift in Sources */,
				BFEE074C1F43F4D100FB7A09 /* AppDelegate.swift in Sources */,
			);
			runOnlyForDeploymentPostprocessing = 0;
		};
/* End PBXSourcesBuildPhase section */

/* Begin PBXVariantGroup section */
		BFEE074F1F43F4D100FB7A09 /* Main.storyboard */ = {
			isa = PBXVariantGroup;
			children = (
				BFEE07501F43F4D100FB7A09 /* Base */,
			);
			name = Main.storyboard;
			sourceTree = "<group>";
		};
		BFEE07541F43F4D100FB7A09 /* LaunchScreen.storyboard */ = {
			isa = PBXVariantGroup;
			children = (
				BFEE07551F43F4D100FB7A09 /* Base */,
			);
			name = LaunchScreen.storyboard;
			sourceTree = "<group>";
		};
/* End PBXVariantGroup section */

/* Begin XCBuildConfiguration section */
		BFEE07581F43F4D100FB7A09 /* Debug */ = {
			isa = XCBuildConfiguration;
			buildSettings = {
				ALWAYS_SEARCH_USER_PATHS = NO;
				CLANG_ANALYZER_NONNULL = YES;
				CLANG_ANALYZER_NUMBER_OBJECT_CONVERSION = YES_AGGRESSIVE;
				CLANG_CXX_LANGUAGE_STANDARD = "gnu++14";
				CLANG_CXX_LIBRARY = "libc++";
				CLANG_ENABLE_MODULES = YES;
				CLANG_ENABLE_OBJC_ARC = YES;
				CLANG_WARN_BLOCK_CAPTURE_AUTORELEASING = YES;
				CLANG_WARN_BOOL_CONVERSION = YES;
				CLANG_WARN_COMMA = YES;
				CLANG_WARN_CONSTANT_CONVERSION = YES;
				CLANG_WARN_DIRECT_OBJC_ISA_USAGE = YES_ERROR;
				CLANG_WARN_DOCUMENTATION_COMMENTS = YES;
				CLANG_WARN_EMPTY_BODY = YES;
				CLANG_WARN_ENUM_CONVERSION = YES;
				CLANG_WARN_INFINITE_RECURSION = YES;
				CLANG_WARN_INT_CONVERSION = YES;
				CLANG_WARN_OBJC_ROOT_CLASS = YES_ERROR;
				CLANG_WARN_RANGE_LOOP_ANALYSIS = YES;
				CLANG_WARN_STRICT_PROTOTYPES = YES;
				CLANG_WARN_SUSPICIOUS_MOVE = YES;
				CLANG_WARN_UNGUARDED_AVAILABILITY = YES_AGGRESSIVE;
				CLANG_WARN_UNREACHABLE_CODE = YES;
				CLANG_WARN__DUPLICATE_METHOD_MATCH = YES;
				CODE_SIGN_IDENTITY = "iPhone Developer";
				COPY_PHASE_STRIP = NO;
				DEBUG_INFORMATION_FORMAT = dwarf;
				ENABLE_STRICT_OBJC_MSGSEND = YES;
				ENABLE_TESTABILITY = YES;
				GCC_C_LANGUAGE_STANDARD = gnu11;
				GCC_DYNAMIC_NO_PIC = NO;
				GCC_NO_COMMON_BLOCKS = YES;
				GCC_OPTIMIZATION_LEVEL = 0;
				GCC_PREPROCESSOR_DEFINITIONS = (
					"DEBUG=1",
					"$(inherited)",
				);
				GCC_WARN_64_TO_32_BIT_CONVERSION = YES;
				GCC_WARN_ABOUT_RETURN_TYPE = YES_ERROR;
				GCC_WARN_UNDECLARED_SELECTOR = YES;
				GCC_WARN_UNINITIALIZED_AUTOS = YES_AGGRESSIVE;
				GCC_WARN_UNUSED_FUNCTION = YES;
				GCC_WARN_UNUSED_VARIABLE = YES;
				IPHONEOS_DEPLOYMENT_TARGET = 11.0;
				MTL_ENABLE_DEBUG_INFO = YES;
				ONLY_ACTIVE_ARCH = YES;
				SDKROOT = iphoneos;
				SWIFT_ACTIVE_COMPILATION_CONDITIONS = DEBUG;
				SWIFT_OPTIMIZATION_LEVEL = "-Onone";
			};
			name = Debug;
		};
		BFEE07591F43F4D100FB7A09 /* Release */ = {
			isa = XCBuildConfiguration;
			buildSettings = {
				ALWAYS_SEARCH_USER_PATHS = NO;
				CLANG_ANALYZER_NONNULL = YES;
				CLANG_ANALYZER_NUMBER_OBJECT_CONVERSION = YES_AGGRESSIVE;
				CLANG_CXX_LANGUAGE_STANDARD = "gnu++14";
				CLANG_CXX_LIBRARY = "libc++";
				CLANG_ENABLE_MODULES = YES;
				CLANG_ENABLE_OBJC_ARC = YES;
				CLANG_WARN_BLOCK_CAPTURE_AUTORELEASING = YES;
				CLANG_WARN_BOOL_CONVERSION = YES;
				CLANG_WARN_COMMA = YES;
				CLANG_WARN_CONSTANT_CONVERSION = YES;
				CLANG_WARN_DIRECT_OBJC_ISA_USAGE = YES_ERROR;
				CLANG_WARN_DOCUMENTATION_COMMENTS = YES;
				CLANG_WARN_EMPTY_BODY = YES;
				CLANG_WARN_ENUM_CONVERSION = YES;
				CLANG_WARN_INFINITE_RECURSION = YES;
				CLANG_WARN_INT_CONVERSION = YES;
				CLANG_WARN_OBJC_ROOT_CLASS = YES_ERROR;
				CLANG_WARN_RANGE_LOOP_ANALYSIS = YES;
				CLANG_WARN_STRICT_PROTOTYPES = YES;
				CLANG_WARN_SUSPICIOUS_MOVE = YES;
				CLANG_WARN_UNGUARDED_AVAILABILITY = YES_AGGRESSIVE;
				CLANG_WARN_UNREACHABLE_CODE = YES;
				CLANG_WARN__DUPLICATE_METHOD_MATCH = YES;
				CODE_SIGN_IDENTITY = "iPhone Developer";
				COPY_PHASE_STRIP = NO;
				DEBUG_INFORMATION_FORMAT = "dwarf-with-dsym";
				ENABLE_NS_ASSERTIONS = NO;
				ENABLE_STRICT_OBJC_MSGSEND = YES;
				GCC_C_LANGUAGE_STANDARD = gnu11;
				GCC_NO_COMMON_BLOCKS = YES;
				GCC_WARN_64_TO_32_BIT_CONVERSION = YES;
				GCC_WARN_ABOUT_RETURN_TYPE = YES_ERROR;
				GCC_WARN_UNDECLARED_SELECTOR = YES;
				GCC_WARN_UNINITIALIZED_AUTOS = YES_AGGRESSIVE;
				GCC_WARN_UNUSED_FUNCTION = YES;
				GCC_WARN_UNUSED_VARIABLE = YES;
				IPHONEOS_DEPLOYMENT_TARGET = 11.0;
				MTL_ENABLE_DEBUG_INFO = NO;
				SDKROOT = iphoneos;
				SWIFT_OPTIMIZATION_LEVEL = "-Owholemodule";
				VALIDATE_PRODUCT = YES;
			};
			name = Release;
		};
		BFEE075B1F43F4D100FB7A09 /* Debug */ = {
			isa = XCBuildConfiguration;
			buildSettings = {
				ASSETCATALOG_COMPILER_APPICON_NAME = AppIcon;
				DEVELOPMENT_TEAM = 5FDK6YU2VY;
				INFOPLIST_FILE = swiftexample/Info.plist;
				LD_RUNPATH_SEARCH_PATHS = "$(inherited) @executable_path/Frameworks";
				PRODUCT_BUNDLE_IDENTIFIER = com.smartwhere.swiftexample;
				PRODUCT_NAME = "$(TARGET_NAME)";
				SWIFT_VERSION = 4.0;
				TARGETED_DEVICE_FAMILY = "1,2";
			};
			name = Debug;
		};
		BFEE075C1F43F4D100FB7A09 /* Release */ = {
			isa = XCBuildConfiguration;
			buildSettings = {
				ASSETCATALOG_COMPILER_APPICON_NAME = AppIcon;
				DEVELOPMENT_TEAM = 5FDK6YU2VY;
				INFOPLIST_FILE = swiftexample/Info.plist;
				LD_RUNPATH_SEARCH_PATHS = "$(inherited) @executable_path/Frameworks";
				PRODUCT_BUNDLE_IDENTIFIER = com.smartwhere.swiftexample;
				PRODUCT_NAME = "$(TARGET_NAME)";
				SWIFT_VERSION = 4.0;
				TARGETED_DEVICE_FAMILY = "1,2";
			};
			name = Release;
		};
/* End XCBuildConfiguration section */

/* Begin XCConfigurationList section */
		BFEE07431F43F4D100FB7A09 /* Build configuration list for PBXProject "swiftexample" */ = {
			isa = XCConfigurationList;
			buildConfigurations = (
				BFEE07581F43F4D100FB7A09 /* Debug */,
				BFEE07591F43F4D100FB7A09 /* Release */,
			);
			defaultConfigurationIsVisible = 0;
			defaultConfigurationName = Release;
		};
		BFEE075A1F43F4D100FB7A09 /* Build configuration list for PBXNativeTarget "swiftexample" */ = {
			isa = XCConfigurationList;
			buildConfigurations = (
				BFEE075B1F43F4D100FB7A09 /* Debug */,
				BFEE075C1F43F4D100FB7A09 /* Release */,
			);
			defaultConfigurationIsVisible = 0;
		};
/* End XCConfigurationList section */
	};
	rootObject = BFEE07401F43F4D100FB7A09 /* Project object */;
}
